
Microsoft Visual Studio Solution File, Format Version 12.00
# Visual Studio 15
VisualStudioVersion = 15.0.26730.16
MinimumVisualStudioVersion = 10.0.40219.1
Project("{2150E333-8FDC-42A3-9474-1A3956D46DE8}") = "FCore.Interactions", "FCore.Interactions", "{AF603F94-5C05-4A6C-B9BF-CD5C9F8A61B1}"
	ProjectSection(SolutionItems) = preProject
		abstract-level-coding.md = abstract-level-coding.md
		api-guidelines.md = api-guidelines.md
	EndProjectSection
EndProject
Project("{2150E333-8FDC-42A3-9474-1A3956D46DE8}") = "Nuget", "Nuget", "{4B5E87A2-C2EF-4946-8393-B6A7C47D7227}"
	ProjectSection(SolutionItems) = preProject
		nuget-publishing-to-local-network-drive.md = nuget-publishing-to-local-network-drive.md
		publishing-csharp-project.md = publishing-csharp-project.md
	EndProjectSection
EndProject
Project("{2150E333-8FDC-42A3-9474-1A3956D46DE8}") = "Git", "Git", "{EDCD01F6-E0C6-4A3C-B3DA-6C5042B4BF7F}"
	ProjectSection(SolutionItems) = preProject
		untrack-previously-tracked.md = untrack-previously-tracked.md
	EndProjectSection
EndProject
Project("{2150E333-8FDC-42A3-9474-1A3956D46DE8}") = "Unit Testing", "Unit Testing", "{9326A72F-049C-402A-A1C4-7F10B52A79E3}"
	ProjectSection(SolutionItems) = preProject
		unit-testing-primer.md = unit-testing-primer.md
	EndProjectSection
EndProject
Project("{2150E333-8FDC-42A3-9474-1A3956D46DE8}") = "VS Templating", "VS Templating", "{66EC89CB-95C3-419F-8048-9BA3AC4C3C1B}"
	ProjectSection(SolutionItems) = preProject
		01-vs-templating-primer.md = 01-vs-templating-primer.md
		02-root-vstemplate.md = 02-root-vstemplate.md
		03-project-templates-vstemplate.md = 03-project-templates-vstemplate.md
	EndProjectSection
EndProject
Project("{2150E333-8FDC-42A3-9474-1A3956D46DE8}") = "Schematics", "Schematics", "{FD0D6E9D-488D-4648-8ABA-40455FAB7A3C}"
	ProjectSection(SolutionItems) = preProject
		angular-schematics-primer.md = angular-schematics-primer.md
	EndProjectSection
EndProject
Project("{2150E333-8FDC-42A3-9474-1A3956D46DE8}") = "Newtonsoft", "Newtonsoft", "{972CA014-C66F-4BA5-9855-9AEFC151DA89}"
	ProjectSection(SolutionItems) = preProject
		00-most-common-serialization-settings.md = 00-most-common-serialization-settings.md
		01-deserialization-of-interface-types.md = 01-deserialization-of-interface-types.md
	EndProjectSection
EndProject
Project("{2150E333-8FDC-42A3-9474-1A3956D46DE8}") = "Asp.NET Core", "Asp.NET Core", "{AFA22DB1-DFAE-4319-BBDB-CFE8E5868D18}"
EndProject
Project("{2150E333-8FDC-42A3-9474-1A3956D46DE8}") = "Console Apps", "Console Apps", "{2692CC95-C3B7-4385-981B-E140F536292A}"
	ProjectSection(SolutionItems) = preProject
		00-Console App Primer.md = 00-Console App Primer.md
		00-Deploying a ConsoleApp.md = 00-Deploying a ConsoleApp.md
		00-DI and the Console App.md = 00-DI and the Console App.md
		2019-03-27-Console-Apps-User-Secrets.md = 2019-03-27-Console-Apps-User-Secrets.md
	EndProjectSection
EndProject
Project("{2150E333-8FDC-42A3-9474-1A3956D46DE8}") = "Design Software", "Design Software", "{30B5294C-B3C4-4A89-B123-C09F6533C255}"
	ProjectSection(SolutionItems) = preProject
		10-free-software-desired-capabilities.md = 10-free-software-desired-capabilities.md
	EndProjectSection
EndProject
Project("{2150E333-8FDC-42A3-9474-1A3956D46DE8}") = "Logging", "Logging", "{B947A5F1-6E94-48B5-99B9-E025F4E4C574}"
	ProjectSection(SolutionItems) = preProject
		2018-12-15-01-logging-overview.md = 2018-12-15-01-logging-overview.md
		2018-12-15-02-logging-web-app.md = 2018-12-15-02-logging-web-app.md
		2018-12-15-03-logging-levels.md = 2018-12-15-03-logging-levels.md
	EndProjectSection
EndProject
Project("{2150E333-8FDC-42A3-9474-1A3956D46DE8}") = "Miscellaneous", "Miscellaneous", "{7BA433B0-A400-4701-A710-D2B7687BC15A}"
	ProjectSection(SolutionItems) = preProject
		00-configuration-and-types.md = 00-configuration-and-types.md
		01-hosting-environment.md = 01-hosting-environment.md
	EndProjectSection
EndProject
Project("{2150E333-8FDC-42A3-9474-1A3956D46DE8}") = "Security", "Security", "{CFE69471-5D15-44C0-85CB-47D9AF598CBC}"
	ProjectSection(SolutionItems) = preProject
		00-overview.md = 00-overview.md
		01-https-asp-net-core-20.md = 01-https-asp-net-core-20.md
		01-user-secrets.md = 01-user-secrets.md
	EndProjectSection
EndProject
Project("{2150E333-8FDC-42A3-9474-1A3956D46DE8}") = "Hosting", "Hosting", "{DFFC76D5-9700-4767-90D0-A0C1F467C8E2}"
	ProjectSection(SolutionItems) = preProject
		00-hosting-overview.md = 00-hosting-overview.md
		01-when-website-is-requested.md = 01-when-website-is-requested.md
		02-setting-up-sites-on-vps.md = 02-setting-up-sites-on-vps.md
	EndProjectSection
EndProject
Project("{2150E333-8FDC-42A3-9474-1A3956D46DE8}") = "Linux", "Linux", "{66303EDE-E644-45F0-8E79-B9BA483630D4}"
	ProjectSection(SolutionItems) = preProject
		00-overview-and-motivation.md = 00-overview-and-motivation.md
		01-setup-knowhows.md = 01-setup-knowhows.md
		02-learning-approaches.md = 02-learning-approaches.md
		03-deployment-plans.md = 03-deployment-plans.md
	EndProjectSection
EndProject
Project("{2150E333-8FDC-42A3-9474-1A3956D46DE8}") = "Instruction", "Instruction", "{EB8C96D3-DD67-4B2B-93F7-8B4AD232ADAB}"
	ProjectSection(SolutionItems) = preProject
		bind-setup.md = bind-setup.md
		environment-variables.md = environment-variables.md
		nginx-setup.md = nginx-setup.md
	EndProjectSection
EndProject
Project("{2150E333-8FDC-42A3-9474-1A3956D46DE8}") = "Self Notes", "Self Notes", "{88BE9A73-5EC9-480B-AE05-3874F6137B1D}"
	ProjectSection(SolutionItems) = preProject
		2018-08-25-diving-in.md = 2018-08-25-diving-in.md
		2018-08-28-01-ordered.md = 2018-08-28-01-ordered.md
		2018-08-28-02-logging-into-vps.md = 2018-08-28-02-logging-into-vps.md
		2018-08-29-01-setting-up-bind.md = 2018-08-29-01-setting-up-bind.md
		2018-08-29-01-setting-up-nginx.md = 2018-08-29-01-setting-up-nginx.md
		2018-08-31-01-starting-over.md = 2018-08-31-01-starting-over.md
		2018-09-01-01-reflection-and-next-steps.md = 2018-09-01-01-reflection-and-next-steps.md
		2018-09-02-01-ftp.md = 2018-09-02-01-ftp.md
		2018-09-03-01-reflection-and-next-steps.md = 2018-09-03-01-reflection-and-next-steps.md
		2018-09-03-02-reflecton.md = 2018-09-03-02-reflecton.md
		2018-09-03-03-linux-prod-deploy.md = 2018-09-03-03-linux-prod-deploy.md
		2018-09-04-01-ssl-dilemma.md = 2018-09-04-01-ssl-dilemma.md
		2018-09-04-02-mysql-pursuit.md = 2018-09-04-02-mysql-pursuit.md
		2018-09-04-03-plan-without-ssl.md = 2018-09-04-03-plan-without-ssl.md
		2018-09-04-04-ssl-dilemma-solved.md = 2018-09-04-04-ssl-dilemma-solved.md
		2018-09-04-05-reflection.md = 2018-09-04-05-reflection.md
		2018-09-05-01-progress-and-reflection.md = 2018-09-05-01-progress-and-reflection.md
		2018-09-05-02-mysql-aspnet-core.md = 2018-09-05-02-mysql-aspnet-core.md
		2018-09-07-01-deployed-functioning-web-app.md = 2018-09-07-01-deployed-functioning-web-app.md
		2019-04-29-01-revisitation.md = 2019-04-29-01-revisitation.md
	EndProjectSection
EndProject
Project("{2150E333-8FDC-42A3-9474-1A3956D46DE8}") = "Reference", "Reference", "{6964D5C5-B1EA-46AD-B1FE-18046EB7E7A7}"
	ProjectSection(SolutionItems) = preProject
		linux-ref-filesystem.md = linux-ref-filesystem.md
		linux-ref-programs.md = linux-ref-programs.md
		linux-ref-services.md = linux-ref-services.md
		linux-ref-usermanagement.md = linux-ref-usermanagement.md
		linux-reference-index.md = linux-reference-index.md
	EndProjectSection
EndProject
Project("{2150E333-8FDC-42A3-9474-1A3956D46DE8}") = "_Main_Journals", "_Main_Journals", "{035475CF-3D99-4A90-9A68-8D3EE801DF56}"
	ProjectSection(SolutionItems) = preProject
		2018-09-09-01-start-main-journals.md = 2018-09-09-01-start-main-journals.md
		2018-09-12-01-code-editors.md = 2018-09-12-01-code-editors.md
		2018-09-12-02-sublime-to-atom.md = 2018-09-12-02-sublime-to-atom.md
		2018-09-13-01-adding-atom-plugins.md = 2018-09-13-01-adding-atom-plugins.md
		2018-09-15-01-more-atom-plugins.md = 2018-09-15-01-more-atom-plugins.md
		2018-09-17-01-my-stacks.md = 2018-09-17-01-my-stacks.md
		2018-09-18-01-my-writing-vs-markdown.md = 2018-09-18-01-my-writing-vs-markdown.md
		2018-09-18-02-state-of-my-site-development.md = 2018-09-18-02-state-of-my-site-development.md
		2018-09-19-01-side-projects-to-work-on.md = 2018-09-19-01-side-projects-to-work-on.md
		2019-07-22-01-reflection.md = 2019-07-22-01-reflection.md
	EndProjectSection
EndProject
Project("{2150E333-8FDC-42A3-9474-1A3956D46DE8}") = "FFMPEG", "FFMPEG", "{B5BBAFA0-7762-4D16-9CA0-56D2BC050642}"
EndProject
Project("{2150E333-8FDC-42A3-9474-1A3956D46DE8}") = "Journal", "Journal", "{7218F08A-09EC-4EC3-98C2-1C35183EAE86}"
	ProjectSection(SolutionItems) = preProject
		2018-09-10-01-introduction.md = 2018-09-10-01-introduction.md
	EndProjectSection
EndProject
Project("{2150E333-8FDC-42A3-9474-1A3956D46DE8}") = "Referemce", "Referemce", "{8D761E43-3A89-4DAA-84E8-2AEE6218FB6B}"
	ProjectSection(SolutionItems) = preProject
		ffmpeg-glossary.md = ffmpeg-glossary.md
	EndProjectSection
EndProject
Project("{2150E333-8FDC-42A3-9474-1A3956D46DE8}") = "Instruction", "Instruction", "{CC9E4EEF-324E-4871-AF73-7FB8ACE78B11}"
	ProjectSection(SolutionItems) = preProject
		ffmpeg-101.md = ffmpeg-101.md
		ffmpeg-filters.md = ffmpeg-filters.md
	EndProjectSection
EndProject
Project("{2150E333-8FDC-42A3-9474-1A3956D46DE8}") = "Angular", "Angular", "{C5551210-F907-4F33-BD66-81C03BCEE244}"
EndProject
Project("{2150E333-8FDC-42A3-9474-1A3956D46DE8}") = "Journal", "Journal", "{99F9514F-CA50-4374-8B96-643513B67C2C}"
	ProjectSection(SolutionItems) = preProject
		2018-09-11-01-angular-reboot.md = 2018-09-11-01-angular-reboot.md
		2018-09-12-01-scss-reboot.md = 2018-09-12-01-scss-reboot.md
		2018-10-10-01-angular-animations.md = 2018-10-10-01-angular-animations.md
	EndProjectSection
EndProject
Project("{2150E333-8FDC-42A3-9474-1A3956D46DE8}") = "Instruction", "Instruction", "{0E0CE537-FA3C-41DF-9072-5DCD16F625BB}"
	ProjectSection(SolutionItems) = preProject
		angular-module-dev-and-publication.md = angular-module-dev-and-publication.md
		angular-production-deployment.md = angular-production-deployment.md
		creating-new-angular-6-apps.md = creating-new-angular-6-apps.md
		scss-infrastructure-in-angular.md = scss-infrastructure-in-angular.md
		updating-angular-cli.md = updating-angular-cli.md
	EndProjectSection
EndProject
Project("{2150E333-8FDC-42A3-9474-1A3956D46DE8}") = "MySQL", "MySQL", "{CCD381DF-682E-415C-87C6-0416EFD8813F}"
EndProject
Project("{2150E333-8FDC-42A3-9474-1A3956D46DE8}") = "Instructions", "Instructions", "{C6745E20-0B60-47A5-861E-F8BC15E3C1B1}"
	ProjectSection(SolutionItems) = preProject
		mysql-local-instance.md = mysql-local-instance.md
		mysql-setup-on-linux.md = mysql-setup-on-linux.md
		mysql-workbench-intro.md = mysql-workbench-intro.md
	EndProjectSection
EndProject
Project("{2150E333-8FDC-42A3-9474-1A3956D46DE8}") = "Reference", "Reference", "{B8F90F6E-50F3-45FC-8EE0-0A12E44AB312}"
	ProjectSection(SolutionItems) = preProject
		mysql-on-insert-trigger-for-default-date.md = mysql-on-insert-trigger-for-default-date.md
	EndProjectSection
EndProject
Project("{2150E333-8FDC-42A3-9474-1A3956D46DE8}") = "Node", "Node", "{8BEB07B0-2971-4A9F-8D2F-E8179D61662B}"
EndProject
Project("{2150E333-8FDC-42A3-9474-1A3956D46DE8}") = "Journals", "Journals", "{E82DD9FB-467A-4562-9D08-EBB541A9BBC8}"
	ProjectSection(SolutionItems) = preProject
		2018-09-24-01-first-node-reflections.md = 2018-09-24-01-first-node-reflections.md
	EndProjectSection
EndProject
Project("{2150E333-8FDC-42A3-9474-1A3956D46DE8}") = "Instructions", "Instructions", "{0372ECEA-849E-4D47-8EBF-009F97FC32BC}"
EndProject
Project("{2150E333-8FDC-42A3-9474-1A3956D46DE8}") = "Material", "Material", "{AEF42D28-6248-4CD0-8B64-0FAB66E0EAC3}"
EndProject
Project("{2150E333-8FDC-42A3-9474-1A3956D46DE8}") = "Journal", "Journal", "{381BED6E-1D5C-4BCA-9D89-4DEAE3048963}"
	ProjectSection(SolutionItems) = preProject
		2018-10-22-01-getting-started-with-material.md = 2018-10-22-01-getting-started-with-material.md
		2018-10-23-01-material-and-flex-layout-navigation.md = 2018-10-23-01-material-and-flex-layout-navigation.md
		2018-10-24-01-material-and-flex-layout-data-items.md = 2018-10-24-01-material-and-flex-layout-data-items.md
		2018-10-24-02-material-and-flex-layout-forms.md = 2018-10-24-02-material-and-flex-layout-forms.md
		2018-10-26-01-material-and-intro-to-reactive-forms.md = 2018-10-26-01-material-and-intro-to-reactive-forms.md
		2018-10-26-02-material-and-reactive-forms-intro-validation.md = 2018-10-26-02-material-and-reactive-forms-intro-validation.md
		2018-10-26-03-material-and-reactive-forms-reflection.md = 2018-10-26-03-material-and-reactive-forms-reflection.md
		2018-10-27-01-material-and-reactive-forms-partial-forms.md = 2018-10-27-01-material-and-reactive-forms-partial-forms.md
		2018-10-28-01-material-and-reactive-forms-arrays.md = 2018-10-28-01-material-and-reactive-forms-arrays.md
		2018-10-29-01-material-and-reactive-forms-deleting-array-items.md = 2018-10-29-01-material-and-reactive-forms-deleting-array-items.md
		2018-10-29-02-material-and-reactive-forms-formarray-item-reordering.md = 2018-10-29-02-material-and-reactive-forms-formarray-item-reordering.md
		2018-10-29-03-material-and-reactive-forms-formarray-validation.md = 2018-10-29-03-material-and-reactive-forms-formarray-validation.md
		2018-10-30-01-material-and-reactive-forms-custom-validators.md = 2018-10-30-01-material-and-reactive-forms-custom-validators.md
		2018-10-31-01-material-and-reactive-forms-async-validators.md = 2018-10-31-01-material-and-reactive-forms-async-validators.md
		2018-11-01-01-material-and-reactive-forms-reflection.md = 2018-11-01-01-material-and-reactive-forms-reflection.md
		2018-11-03-01-material-and-reactive-forms-revisit-partial-forms.md = 2018-11-03-01-material-and-reactive-forms-revisit-partial-forms.md
		2018-11-05-01-material-and-reactive-forms-filling-array-data.md = 2018-11-05-01-material-and-reactive-forms-filling-array-data.md
		2018-11-05-01-material-flex-reactive-reflection.md = 2018-11-05-01-material-flex-reactive-reflection.md
	EndProjectSection
EndProject
Project("{2150E333-8FDC-42A3-9474-1A3956D46DE8}") = "Non-Relational Databases", "Non-Relational Databases", "{8F2B1BA4-576C-4409-AA8A-E7DE6AF73E6C}"
	ProjectSection(SolutionItems) = preProject
		2018-10-30-01-nrdbs-initial-reflection.md = 2018-10-30-01-nrdbs-initial-reflection.md
		2018-11-02-01-nrdbs-focus-on-data.md = 2018-11-02-01-nrdbs-focus-on-data.md
	EndProjectSection
EndProject
Project("{2150E333-8FDC-42A3-9474-1A3956D46DE8}") = "Rxjs", "Rxjs", "{44926DAD-21AC-4D9C-AA1C-8E06DF43FA4B}"
	ProjectSection(SolutionItems) = preProject
		2018-11-07-01-rxjs-initial-reflections.md = 2018-11-07-01-rxjs-initial-reflections.md
		2018-11-09-01-rxjs-broadcasting-streams.md = 2018-11-09-01-rxjs-broadcasting-streams.md
		2018-11-13-01-rxjs-observables-on-services.md = 2018-11-13-01-rxjs-observables-on-services.md
		2018-11-13-02-rxjs-browser-resize-detector.md = 2018-11-13-02-rxjs-browser-resize-detector.md
	EndProjectSection
EndProject
Project("{2150E333-8FDC-42A3-9474-1A3956D46DE8}") = "Practices", "Practices", "{25E0EFC4-8BAB-4FC7-B590-C65B4EDA5632}"
	ProjectSection(SolutionItems) = preProject
		2018-11-07-01-interface-di.md = 2018-11-07-01-interface-di.md
		2018-11-08-01-mocking-apis.md = 2018-11-08-01-mocking-apis.md
	EndProjectSection
EndProject
Project("{2150E333-8FDC-42A3-9474-1A3956D46DE8}") = "FlexLayout", "FlexLayout", "{270C8777-A1C9-4E82-8FA6-08C7F9949FC0}"
	ProjectSection(SolutionItems) = preProject
		2018-11-14-flex-layout-ph.md = 2018-11-14-flex-layout-ph.md
	EndProjectSection
EndProject
Project("{2150E333-8FDC-42A3-9474-1A3956D46DE8}") = "Reactive Forms", "Reactive Forms", "{8BF9E199-1C89-4830-8693-2430BE72F655}"
	ProjectSection(SolutionItems) = preProject
		2018-11-14-reactive-forms-ph.md = 2018-11-14-reactive-forms-ph.md
		2019-03-29-01-reactive-forms-intro.md = 2019-03-29-01-reactive-forms-intro.md
		2019-03-29-02-reactive-forms-intro-to-validation.md = 2019-03-29-02-reactive-forms-intro-to-validation.md
		2019-03-29-03-reactive-forms-first-reflection.md = 2019-03-29-03-reactive-forms-first-reflection.md
		2019-03-29-04-reactive-forms-partial-forms.md = 2019-03-29-04-reactive-forms-partial-forms.md
		2019-03-29-05-reactive-forms-arrays.md = 2019-03-29-05-reactive-forms-arrays.md
		2019-03-29-06-reactive-forms-deleting-array-items.md = 2019-03-29-06-reactive-forms-deleting-array-items.md
		2019-03-29-07-reactive-forms-reordering-array-items.md = 2019-03-29-07-reactive-forms-reordering-array-items.md
		2019-03-29-08-reactive-forms-formarray-validation.md = 2019-03-29-08-reactive-forms-formarray-validation.md
		2019-03-29-09-reactive-forms-custom-validation.md = 2019-03-29-09-reactive-forms-custom-validation.md
		2019-03-29-10-reactive-forms-async-validators.md = 2019-03-29-10-reactive-forms-async-validators.md
		2019-03-29-11-reactive-forms-reflection-2.md = 2019-03-29-11-reactive-forms-reflection-2.md
		2019-03-29-12-reactive-forms-create-vs-edit.md = 2019-03-29-12-reactive-forms-create-vs-edit.md
	EndProjectSection
EndProject
Project("{2150E333-8FDC-42A3-9474-1A3956D46DE8}") = "Journals", "Journals", "{0E130F38-B872-4802-BF54-A75B53DA29F6}"
	ProjectSection(SolutionItems) = preProject
		2018-11-14-01-flex-layout-primer.md = 2018-11-14-01-flex-layout-primer.md
		2018-11-14-02-flex-layout-basics.md = 2018-11-14-02-flex-layout-basics.md
		2018-11-14-03-flex-layout-alignment.md = 2018-11-14-03-flex-layout-alignment.md
		2018-11-15-01-flex-layout-children-widths.md = 2018-11-15-01-flex-layout-children-widths.md
		2018-11-18-flex-layout-children-widths-with-gaps.md = 2018-11-18-flex-layout-children-widths-with-gaps.md
		2018-11-19-01-flex-layout-nested-containers.md = 2018-11-19-01-flex-layout-nested-containers.md
		2018-11-20-01-flex-layout-responsive-page.md = 2018-11-20-01-flex-layout-responsive-page.md
	EndProjectSection
EndProject
Project("{2150E333-8FDC-42A3-9474-1A3956D46DE8}") = "Mocking", "Mocking", "{B953CEFB-5A8E-4F83-93B7-A2E284E28D3D}"
	ProjectSection(SolutionItems) = preProject
		2018-12-02-01-mocking-primer.md = 2018-12-02-01-mocking-primer.md
		2018-12-06-01-mocking-service-contract.md = 2018-12-06-01-mocking-service-contract.md
		2018-12-06-02-mocking-injecting-interface-types.md = 2018-12-06-02-mocking-injecting-interface-types.md
		2018-12-06-03-mocking-environment-involvement.md = 2018-12-06-03-mocking-environment-involvement.md
	EndProjectSection
EndProject
Project("{2150E333-8FDC-42A3-9474-1A3956D46DE8}") = "Development Practices", "Development Practices", "{CE92278F-FBCF-4028-9846-BD523394A2D8}"
	ProjectSection(SolutionItems) = preProject
		2018-12-03-debug-mode-databases.md = 2018-12-03-debug-mode-databases.md
	EndProjectSection
EndProject
Project("{2150E333-8FDC-42A3-9474-1A3956D46DE8}") = "Proxy Servers", "Proxy Servers", "{1C17C21D-CBA4-4945-8E8C-311E8B44C177}"
	ProjectSection(SolutionItems) = preProject
		2018-12-05-01-proxy-servers-primer.md = 2018-12-05-01-proxy-servers-primer.md
		2018-12-05-02-proxy-servers-creating-simple.md = 2018-12-05-02-proxy-servers-creating-simple.md
	EndProjectSection
EndProject
Project("{2150E333-8FDC-42A3-9474-1A3956D46DE8}") = "Directives", "Directives", "{69A90AC1-DBB8-45A0-A25B-186704F22FC4}"
	ProjectSection(SolutionItems) = preProject
		2018-09-25-01-angular-directives.md = 2018-09-25-01-angular-directives.md
		2018-09-28-01-structural-directives-diving-in.md = 2018-09-28-01-structural-directives-diving-in.md
		2018-09-28-02-wrapper-components.md = 2018-09-28-02-wrapper-components.md
		2018-09-28-03-structural-directive-wrapper.md = 2018-09-28-03-structural-directive-wrapper.md
		2018-10-01-01-tooltip-with-attribute-directive.md = 2018-10-01-01-tooltip-with-attribute-directive.md
		2019-01-30-01-angular-directives-primer.md = 2019-01-30-01-angular-directives-primer.md
		2019-01-30-02-angular-directives-behavioral-start.md = 2019-01-30-02-angular-directives-behavioral-start.md
	EndProjectSection
EndProject
Project("{2150E333-8FDC-42A3-9474-1A3956D46DE8}") = "Hosted Services", "Hosted Services", "{C6421150-C0CA-4B4D-9CD4-09EA67856B1F}"
	ProjectSection(SolutionItems) = preProject
		2019-04-25-hosted-services-web-app.md = 2019-04-25-hosted-services-web-app.md
	EndProjectSection
EndProject
Project("{2150E333-8FDC-42A3-9474-1A3956D46DE8}") = "Templating", "Templating", "{63126632-2D87-45D5-AA10-7843E98CA6A1}"
	ProjectSection(SolutionItems) = preProject
		2019-06-08-01-templating-primer.md = 2019-06-08-01-templating-primer.md
		2019-06-08-02-templating-ng-template.md = 2019-06-08-02-templating-ng-template.md
		2019-06-08-03-templating-accessing-external-templates-from-component.md = 2019-06-08-03-templating-accessing-external-templates-from-component.md
		2019-06-08-04-templating-exposing-data-and-functionality-to-templates.md = 2019-06-08-04-templating-exposing-data-and-functionality-to-templates.md
		2019-06-08-05-templating-default-templates.md = 2019-06-08-05-templating-default-templates.md
		2019-06-08-06-templating-passing-templates-via-input.md = 2019-06-08-06-templating-passing-templates-via-input.md
		2019-07-06-01-templating-layout-templates.md = 2019-07-06-01-templating-layout-templates.md
		2019-07-06-02-refactoring-layout-capability.md = 2019-07-06-02-refactoring-layout-capability.md
	EndProjectSection
EndProject
Global
	GlobalSection(SolutionProperties) = preSolution
		HideSolutionNode = FALSE
	EndGlobalSection
	GlobalSection(NestedProjects) = preSolution
		{FD0D6E9D-488D-4648-8ABA-40455FAB7A3C} = {C5551210-F907-4F33-BD66-81C03BCEE244}
		{2692CC95-C3B7-4385-981B-E140F536292A} = {AFA22DB1-DFAE-4319-BBDB-CFE8E5868D18}
		{B947A5F1-6E94-48B5-99B9-E025F4E4C574} = {AFA22DB1-DFAE-4319-BBDB-CFE8E5868D18}
		{7BA433B0-A400-4701-A710-D2B7687BC15A} = {AFA22DB1-DFAE-4319-BBDB-CFE8E5868D18}
		{CFE69471-5D15-44C0-85CB-47D9AF598CBC} = {AFA22DB1-DFAE-4319-BBDB-CFE8E5868D18}
		{66303EDE-E644-45F0-8E79-B9BA483630D4} = {DFFC76D5-9700-4767-90D0-A0C1F467C8E2}
		{EB8C96D3-DD67-4B2B-93F7-8B4AD232ADAB} = {66303EDE-E644-45F0-8E79-B9BA483630D4}
		{88BE9A73-5EC9-480B-AE05-3874F6137B1D} = {66303EDE-E644-45F0-8E79-B9BA483630D4}
		{6964D5C5-B1EA-46AD-B1FE-18046EB7E7A7} = {66303EDE-E644-45F0-8E79-B9BA483630D4}
		{7218F08A-09EC-4EC3-98C2-1C35183EAE86} = {B5BBAFA0-7762-4D16-9CA0-56D2BC050642}
		{8D761E43-3A89-4DAA-84E8-2AEE6218FB6B} = {B5BBAFA0-7762-4D16-9CA0-56D2BC050642}
		{CC9E4EEF-324E-4871-AF73-7FB8ACE78B11} = {B5BBAFA0-7762-4D16-9CA0-56D2BC050642}
		{99F9514F-CA50-4374-8B96-643513B67C2C} = {C5551210-F907-4F33-BD66-81C03BCEE244}
		{0E0CE537-FA3C-41DF-9072-5DCD16F625BB} = {C5551210-F907-4F33-BD66-81C03BCEE244}
		{C6745E20-0B60-47A5-861E-F8BC15E3C1B1} = {CCD381DF-682E-415C-87C6-0416EFD8813F}
		{B8F90F6E-50F3-45FC-8EE0-0A12E44AB312} = {CCD381DF-682E-415C-87C6-0416EFD8813F}
		{E82DD9FB-467A-4562-9D08-EBB541A9BBC8} = {8BEB07B0-2971-4A9F-8D2F-E8179D61662B}
		{0372ECEA-849E-4D47-8EBF-009F97FC32BC} = {8BEB07B0-2971-4A9F-8D2F-E8179D61662B}
		{AEF42D28-6248-4CD0-8B64-0FAB66E0EAC3} = {C5551210-F907-4F33-BD66-81C03BCEE244}
		{381BED6E-1D5C-4BCA-9D89-4DEAE3048963} = {AEF42D28-6248-4CD0-8B64-0FAB66E0EAC3}
		{44926DAD-21AC-4D9C-AA1C-8E06DF43FA4B} = {C5551210-F907-4F33-BD66-81C03BCEE244}
		{25E0EFC4-8BAB-4FC7-B590-C65B4EDA5632} = {C5551210-F907-4F33-BD66-81C03BCEE244}
		{270C8777-A1C9-4E82-8FA6-08C7F9949FC0} = {C5551210-F907-4F33-BD66-81C03BCEE244}
		{8BF9E199-1C89-4830-8693-2430BE72F655} = {C5551210-F907-4F33-BD66-81C03BCEE244}
		{0E130F38-B872-4802-BF54-A75B53DA29F6} = {270C8777-A1C9-4E82-8FA6-08C7F9949FC0}
		{B953CEFB-5A8E-4F83-93B7-A2E284E28D3D} = {25E0EFC4-8BAB-4FC7-B590-C65B4EDA5632}
		{CE92278F-FBCF-4028-9846-BD523394A2D8} = {AFA22DB1-DFAE-4319-BBDB-CFE8E5868D18}
		{1C17C21D-CBA4-4945-8E8C-311E8B44C177} = {AFA22DB1-DFAE-4319-BBDB-CFE8E5868D18}
		{69A90AC1-DBB8-45A0-A25B-186704F22FC4} = {C5551210-F907-4F33-BD66-81C03BCEE244}
		{C6421150-C0CA-4B4D-9CD4-09EA67856B1F} = {AFA22DB1-DFAE-4319-BBDB-CFE8E5868D18}
		{63126632-2D87-45D5-AA10-7843E98CA6A1} = {C5551210-F907-4F33-BD66-81C03BCEE244}
	EndGlobalSection
	GlobalSection(ExtensibilityGlobals) = postSolution
		SolutionGuid = {247F1596-6427-4C8E-968F-4A60330DC887}
	EndGlobalSection
EndGlobal
