
Microsoft Visual Studio Solution File, Format Version 12.00
# Visual Studio 15
VisualStudioVersion = 15.0.26730.16
MinimumVisualStudioVersion = 10.0.40219.1
Project("{2150E333-8FDC-42A3-9474-1A3956D46DE8}") = "FCore.Interactions", "FCore.Interactions", "{AF603F94-5C05-4A6C-B9BF-CD5C9F8A61B1}"
	ProjectSection(SolutionItems) = preProject
		abstract-level-coding.md = abstract-level-coding.md
		api-guidelines.md = api-guidelines.md
	EndProjectSection
EndProject
Project("{2150E333-8FDC-42A3-9474-1A3956D46DE8}") = "Nuget", "Nuget", "{4B5E87A2-C2EF-4946-8393-B6A7C47D7227}"
	ProjectSection(SolutionItems) = preProject
		publishing-csharp-project.md = publishing-csharp-project.md
	EndProjectSection
EndProject
Project("{2150E333-8FDC-42A3-9474-1A3956D46DE8}") = "Git", "Git", "{EDCD01F6-E0C6-4A3C-B3DA-6C5042B4BF7F}"
	ProjectSection(SolutionItems) = preProject
		untrack-previously-tracked.md = untrack-previously-tracked.md
	EndProjectSection
EndProject
Project("{2150E333-8FDC-42A3-9474-1A3956D46DE8}") = "Unit Testing", "Unit Testing", "{9326A72F-049C-402A-A1C4-7F10B52A79E3}"
	ProjectSection(SolutionItems) = preProject
		unit-testing-primer.md = unit-testing-primer.md
	EndProjectSection
EndProject
Project("{2150E333-8FDC-42A3-9474-1A3956D46DE8}") = "VS Templating", "VS Templating", "{66EC89CB-95C3-419F-8048-9BA3AC4C3C1B}"
	ProjectSection(SolutionItems) = preProject
		01-vs-templating-primer.md = 01-vs-templating-primer.md
		02-root-vstemplate.md = 02-root-vstemplate.md
		03-project-templates-vstemplate.md = 03-project-templates-vstemplate.md
	EndProjectSection
EndProject
Project("{2150E333-8FDC-42A3-9474-1A3956D46DE8}") = "Angular Schematics", "Angular Schematics", "{FD0D6E9D-488D-4648-8ABA-40455FAB7A3C}"
	ProjectSection(SolutionItems) = preProject
		schematics-primer.md = schematics-primer.md
	EndProjectSection
EndProject
Project("{2150E333-8FDC-42A3-9474-1A3956D46DE8}") = "Newtonsoft", "Newtonsoft", "{972CA014-C66F-4BA5-9855-9AEFC151DA89}"
	ProjectSection(SolutionItems) = preProject
		00-most-common-serialization-settings.md = 00-most-common-serialization-settings.md
		01-deserialization-of-interface-types.md = 01-deserialization-of-interface-types.md
	EndProjectSection
EndProject
Global
	GlobalSection(SolutionProperties) = preSolution
		HideSolutionNode = FALSE
	EndGlobalSection
	GlobalSection(ExtensibilityGlobals) = postSolution
		SolutionGuid = {247F1596-6427-4C8E-968F-4A60330DC887}
	EndGlobalSection
EndGlobal
